
Microsoft Visual Studio Solution File, Format Version 12.00
# Visual Studio Version 16
VisualStudioVersion = 16.0.30011.22
MinimumVisualStudioVersion = 10.0.40219.1
Project("{FAE04EC0-301F-11D3-BF4B-00C04F79EFBC}") = "Square_area", "Square_area\Square_area.csproj", "{9DB648EE-4DE8-4134-91E6-8FCE6A93AD55}"
EndProject
Project("{FAE04EC0-301F-11D3-BF4B-00C04F79EFBC}") = "Inches-to-Cantimeters", "Inches-to-Cantimeters\Inches-to-Cantimeters.csproj", "{3908EA55-8D5C-4769-A3CD-1E7953AD5E81}"
EndProject
Project("{FAE04EC0-301F-11D3-BF4B-00C04F79EFBC}") = "Greeting-by-name", "Greeting-by-name\Greeting-by-name.csproj", "{7D5DDFDF-ADB2-4394-8A6D-056FE7E3EF58}"
EndProject
Project("{FAE04EC0-301F-11D3-BF4B-00C04F79EFBC}") = "Concatenate-data", "Concatenate-data\Concatenate-data.csproj", "{EE4F68B8-B11F-49E0-AFF0-46A18DBD7417}"
EndProject
Project("{FAE04EC0-301F-11D3-BF4B-00C04F79EFBC}") = "Celsius-to-Fahrenheit-converter", "Celsius-to-Fahrenheit-converter\Celsius-to-Fahrenheit-converter.csproj", "{6759DA5B-7681-42BD-8A12-D99056E18EAB}"
EndProject
Global
	GlobalSection(SolutionConfigurationPlatforms) = preSolution
		Debug|Any CPU = Debug|Any CPU
		Release|Any CPU = Release|Any CPU
	EndGlobalSection
	GlobalSection(ProjectConfigurationPlatforms) = postSolution
		{9DB648EE-4DE8-4134-91E6-8FCE6A93AD55}.Debug|Any CPU.ActiveCfg = Debug|Any CPU
		{9DB648EE-4DE8-4134-91E6-8FCE6A93AD55}.Debug|Any CPU.Build.0 = Debug|Any CPU
		{9DB648EE-4DE8-4134-91E6-8FCE6A93AD55}.Release|Any CPU.ActiveCfg = Release|Any CPU
		{9DB648EE-4DE8-4134-91E6-8FCE6A93AD55}.Release|Any CPU.Build.0 = Release|Any CPU
		{3908EA55-8D5C-4769-A3CD-1E7953AD5E81}.Debug|Any CPU.ActiveCfg = Debug|Any CPU
		{3908EA55-8D5C-4769-A3CD-1E7953AD5E81}.Debug|Any CPU.Build.0 = Debug|Any CPU
		{3908EA55-8D5C-4769-A3CD-1E7953AD5E81}.Release|Any CPU.ActiveCfg = Release|Any CPU
		{3908EA55-8D5C-4769-A3CD-1E7953AD5E81}.Release|Any CPU.Build.0 = Release|Any CPU
		{7D5DDFDF-ADB2-4394-8A6D-056FE7E3EF58}.Debug|Any CPU.ActiveCfg = Debug|Any CPU
		{7D5DDFDF-ADB2-4394-8A6D-056FE7E3EF58}.Debug|Any CPU.Build.0 = Debug|Any CPU
		{7D5DDFDF-ADB2-4394-8A6D-056FE7E3EF58}.Release|Any CPU.ActiveCfg = Release|Any CPU
		{7D5DDFDF-ADB2-4394-8A6D-056FE7E3EF58}.Release|Any CPU.Build.0 = Release|Any CPU
		{EE4F68B8-B11F-49E0-AFF0-46A18DBD7417}.Debug|Any CPU.ActiveCfg = Debug|Any CPU
		{EE4F68B8-B11F-49E0-AFF0-46A18DBD7417}.Debug|Any CPU.Build.0 = Debug|Any CPU
		{EE4F68B8-B11F-49E0-AFF0-46A18DBD7417}.Release|Any CPU.ActiveCfg = Release|Any CPU
		{EE4F68B8-B11F-49E0-AFF0-46A18DBD7417}.Release|Any CPU.Build.0 = Release|Any CPU
		{6759DA5B-7681-42BD-8A12-D99056E18EAB}.Debug|Any CPU.ActiveCfg = Debug|Any CPU
		{6759DA5B-7681-42BD-8A12-D99056E18EAB}.Debug|Any CPU.Build.0 = Debug|Any CPU
		{6759DA5B-7681-42BD-8A12-D99056E18EAB}.Release|Any CPU.ActiveCfg = Release|Any CPU
		{6759DA5B-7681-42BD-8A12-D99056E18EAB}.Release|Any CPU.Build.0 = Release|Any CPU
	EndGlobalSection
	GlobalSection(SolutionProperties) = preSolution
		HideSolutionNode = FALSE
	EndGlobalSection
	GlobalSection(ExtensibilityGlobals) = postSolution
		SolutionGuid = {873E4082-7CFF-41CC-9A77-A7B4E1D1F940}
	EndGlobalSection
EndGlobal
